// !$*UTF8*$!
{
	archiveVersion = 1;
	classes = {
	};
	objectVersion = 46;
	objects = {

/* Begin PBXBuildFile section */
		231EC5041F2DC7BB0072F29A /* AppDelegate.swift in Sources */ = {isa = PBXBuildFile; fileRef = 231EC5031F2DC7BB0072F29A /* AppDelegate.swift */; };
		231EC5061F2DC7BB0072F29A /* ViewController.swift in Sources */ = {isa = PBXBuildFile; fileRef = 231EC5051F2DC7BB0072F29A /* ViewController.swift */; };
		231EC5091F2DC7BB0072F29A /* Main.storyboard in Resources */ = {isa = PBXBuildFile; fileRef = 231EC5071F2DC7BB0072F29A /* Main.storyboard */; };
		231EC50C1F2DC7BB0072F29A /* API_Recap.xcdatamodeld in Sources */ = {isa = PBXBuildFile; fileRef = 231EC50A1F2DC7BB0072F29A /* API_Recap.xcdatamodeld */; };
		231EC50E1F2DC7BB0072F29A /* Assets.xcassets in Resources */ = {isa = PBXBuildFile; fileRef = 231EC50D1F2DC7BB0072F29A /* Assets.xcassets */; };
		231EC5111F2DC7BB0072F29A /* LaunchScreen.storyboard in Resources */ = {isa = PBXBuildFile; fileRef = 231EC50F1F2DC7BB0072F29A /* LaunchScreen.storyboard */; };
/* End PBXBuildFile section */

/* Begin PBXFileReference section */
		231EC5001F2DC7BB0072F29A /* API-Recap.app */ = {isa = PBXFileReference; explicitFileType = wrapper.application; includeInIndex = 0; path = "API-Recap.app"; sourceTree = BUILT_PRODUCTS_DIR; };
		231EC5031F2DC7BB0072F29A /* AppDelegate.swift */ = {isa = PBXFileReference; lastKnownFileType = sourcecode.swift; path = AppDelegate.swift; sourceTree = "<group>"; };
		231EC5051F2DC7BB0072F29A /* ViewController.swift */ = {isa = PBXFileReference; lastKnownFileType = sourcecode.swift; path = ViewController.swift; sourceTree = "<group>"; };
		231EC5081F2DC7BB0072F29A /* Base */ = {isa = PBXFileReference; lastKnownFileType = file.storyboard; name = Base; path = Base.lproj/Main.storyboard; sourceTree = "<group>"; };
		231EC50B1F2DC7BB0072F29A /* API_Recap.xcdatamodel */ = {isa = PBXFileReference; lastKnownFileType = wrapper.xcdatamodel; path = API_Recap.xcdatamodel; sourceTree = "<group>"; };
		231EC50D1F2DC7BB0072F29A /* Assets.xcassets */ = {isa = PBXFileReference; lastKnownFileType = folder.assetcatalog; path = Assets.xcassets; sourceTree = "<group>"; };
		231EC5101F2DC7BB0072F29A /* Base */ = {isa = PBXFileReference; lastKnownFileType = file.storyboard; name = Base; path = Base.lproj/LaunchScreen.storyboard; sourceTree = "<group>"; };
		231EC5121F2DC7BB0072F29A /* Info.plist */ = {isa = PBXFileReference; lastKnownFileType = text.plist.xml; path = Info.plist; sourceTree = "<group>"; };
/* End PBXFileReference section */

/* Begin PBXFrameworksBuildPhase section */
		231EC4FD1F2DC7BB0072F29A /* Frameworks */ = {
			isa = PBXFrameworksBuildPhase;
			buildActionMask = 2147483647;
			files = (
			);
			runOnlyForDeploymentPostprocessing = 0;
		};
/* End PBXFrameworksBuildPhase section */

/* Begin PBXGroup section */
		231EC4F71F2DC7BB0072F29A = {
			isa = PBXGroup;
			children = (
				231EC5021F2DC7BB0072F29A /* API-Recap */,
				231EC5011F2DC7BB0072F29A /* Products */,
			);
			sourceTree = "<group>";
		};
		231EC5011F2DC7BB0072F29A /* Products */ = {
			isa = PBXGroup;
			children = (
				231EC5001F2DC7BB0072F29A /* API-Recap.app */,
			);
			name = Products;
			sourceTree = "<group>";
		};
		231EC5021F2DC7BB0072F29A /* API-Recap */ = {
			isa = PBXGroup;
			children = (
				231EC5031F2DC7BB0072F29A /* AppDelegate.swift */,
				231EC5051F2DC7BB0072F29A /* ViewController.swift */,
				231EC5071F2DC7BB0072F29A /* Main.storyboard */,
				231EC50D1F2DC7BB0072F29A /* Assets.xcassets */,
				231EC50F1F2DC7BB0072F29A /* LaunchScreen.storyboard */,
				231EC5121F2DC7BB0072F29A /* Info.plist */,
				231EC50A1F2DC7BB0072F29A /* API_Recap.xcdatamodeld */,
			);
			path = "API-Recap";
			sourceTree = "<group>";
		};
/* End PBXGroup section */

/* Begin PBXNativeTarget section */
		231EC4FF1F2DC7BB0072F29A /* API-Recap */ = {
			isa = PBXNativeTarget;
			buildConfigurationList = 231EC5151F2DC7BB0072F29A /* Build configuration list for PBXNativeTarget "API-Recap" */;
			buildPhases = (
				231EC4FC1F2DC7BB0072F29A /* Sources */,
				231EC4FD1F2DC7BB0072F29A /* Frameworks */,
				231EC4FE1F2DC7BB0072F29A /* Resources */,
			);
			buildRules = (
			);
			dependencies = (
			);
			name = "API-Recap";
			productName = "API-Recap";
			productReference = 231EC5001F2DC7BB0072F29A /* API-Recap.app */;
			productType = "com.apple.product-type.application";
		};
/* End PBXNativeTarget section */

/* Begin PBXProject section */
		231EC4F81F2DC7BB0072F29A /* Project object */ = {
			isa = PBXProject;
			attributes = {
				LastSwiftUpdateCheck = 0830;
				LastUpgradeCheck = 0830;
				ORGANIZATIONNAME = Chuck;
				TargetAttributes = {
					231EC4FF1F2DC7BB0072F29A = {
						CreatedOnToolsVersion = 8.3.3;
						DevelopmentTeam = JT2GERLFU6;
						ProvisioningStyle = Automatic;
					};
				};
			};
			buildConfigurationList = 231EC4FB1F2DC7BB0072F29A /* Build configuration list for PBXProject "API-Recap" */;
			compatibilityVersion = "Xcode 3.2";
			developmentRegion = English;
			hasScannedForEncodings = 0;
			knownRegions = (
				en,
				Base,
			);
			mainGroup = 231EC4F71F2DC7BB0072F29A;
			productRefGroup = 231EC5011F2DC7BB0072F29A /* Products */;
			projectDirPath = "";
			projectRoot = "";
			targets = (
				231EC4FF1F2DC7BB0072F29A /* API-Recap */,
			);
		};
/* End PBXProject section */

/* Begin PBXResourcesBuildPhase section */
		231EC4FE1F2DC7BB0072F29A /* Resources */ = {
			isa = PBXResourcesBuildPhase;
			buildActionMask = 2147483647;
			files = (
				231EC5111F2DC7BB0072F29A /* LaunchScreen.storyboard in Resources */,
				231EC50E1F2DC7BB0072F29A /* Assets.xcassets in Resources */,
				231EC5091F2DC7BB0072F29A /* Main.storyboard in Resources */,
			);
			runOnlyForDeploymentPostprocessing = 0;
		};
/* End PBXResourcesBuildPhase section */

/* Begin PBXSourcesBuildPhase section */
		231EC4FC1F2DC7BB0072F29A /* Sources */ = {
			isa = PBXSourcesBuildPhase;
			buildActionMask = 2147483647;
			files = (
				231EC5061F2DC7BB0072F29A /* ViewController.swift in Sources */,
				231EC50C1F2DC7BB0072F29A /* API_Recap.xcdatamodeld in Sources */,
				231EC5041F2DC7BB0072F29A /* AppDelegate.swift in Sources */,
			);
			runOnlyForDeploymentPostprocessing = 0;
		};
/* End PBXSourcesBuildPhase section */

/* Begin PBXVariantGroup section */
		231EC5071F2DC7BB0072F29A /* Main.storyboard */ = {
			isa = PBXVariantGroup;
			children = (
				231EC5081F2DC7BB0072F29A /* Base */,
			);
			name = Main.storyboard;
			sourceTree = "<group>";
		};
		231EC50F1F2DC7BB0072F29A /* LaunchScreen.storyboard */ = {
			isa = PBXVariantGroup;
			children = (
				231EC5101F2DC7BB0072F29A /* Base */,
			);
			name = LaunchScreen.storyboard;
			sourceTree = "<group>";
		};
/* End PBXVariantGroup section */

/* Begin XCBuildConfiguration section */
		231EC5131F2DC7BB0072F29A /* Debug */ = {
			isa = XCBuildConfiguration;
			buildSettings = {
				ALWAYS_SEARCH_USER_PATHS = NO;
				CLANG_ANALYZER_NONNULL = YES;
				CLANG_ANALYZER_NUMBER_OBJECT_CONVERSION = YES_AGGRESSIVE;
				CLANG_CXX_LANGUAGE_STANDARD = "gnu++0x";
				CLANG_CXX_LIBRARY = "libc++";
				CLANG_ENABLE_MODULES = YES;
				CLANG_ENABLE_OBJC_ARC = YES;
				CLANG_WARN_BOOL_CONVERSION = YES;
				CLANG_WARN_CONSTANT_CONVERSION = YES;
				CLANG_WARN_DIRECT_OBJC_ISA_USAGE = YES_ERROR;
				CLANG_WARN_DOCUMENTATION_COMMENTS = YES;
				CLANG_WARN_EMPTY_BODY = YES;
				CLANG_WARN_ENUM_CONVERSION = YES;
				CLANG_WARN_INFINITE_RECURSION = YES;
				CLANG_WARN_INT_CONVERSION = YES;
				CLANG_WARN_OBJC_ROOT_CLASS = YES_ERROR;
				CLANG_WARN_SUSPICIOUS_MOVE = YES;
				CLANG_WARN_UNREACHABLE_CODE = YES;
				CLANG_WARN__DUPLICATE_METHOD_MATCH = YES;
				"CODE_SIGN_IDENTITY[sdk=iphoneos*]" = "iPhone Developer";
				COPY_PHASE_STRIP = NO;
				DEBUG_INFORMATION_FORMAT = dwarf;
				ENABLE_STRICT_OBJC_MSGSEND = YES;
				ENABLE_TESTABILITY = YES;
				GCC_C_LANGUAGE_STANDARD = gnu99;
				GCC_DYNAMIC_NO_PIC = NO;
				GCC_NO_COMMON_BLOCKS = YES;
				GCC_OPTIMIZATION_LEVEL = 0;
				GCC_PREPROCESSOR_DEFINITIONS = (
					"DEBUG=1",
					"$(inherited)",
				);
				GCC_WARN_64_TO_32_BIT_CONVERSION = YES;
				GCC_WARN_ABOUT_RETURN_TYPE = YES_ERROR;
				GCC_WARN_UNDECLARED_SELECTOR = YES;
				GCC_WARN_UNINITIALIZED_AUTOS = YES_AGGRESSIVE;
				GCC_WARN_UNUSED_FUNCTION = YES;
				GCC_WARN_UNUSED_VARIABLE = YES;
				IPHONEOS_DEPLOYMENT_TARGET = 10.3;
				MTL_ENABLE_DEBUG_INFO = YES;
				ONLY_ACTIVE_ARCH = YES;
				SDKROOT = iphoneos;
				SWIFT_ACTIVE_COMPILATION_CONDITIONS = DEBUG;
				SWIFT_OPTIMIZATION_LEVEL = "-Onone";
			};
			name = Debug;
		};
		231EC5141F2DC7BB0072F29A /* Release */ = {
			isa = XCBuildConfiguration;
			buildSettings = {
				ALWAYS_SEARCH_USER_PATHS = NO;
				CLANG_ANALYZER_NONNULL = YES;
				CLANG_ANALYZER_NUMBER_OBJECT_CONVERSION = YES_AGGRESSIVE;
				CLANG_CXX_LANGUAGE_STANDARD = "gnu++0x";
				CLANG_CXX_LIBRARY = "libc++";
				CLANG_ENABLE_MODULES = YES;
				CLANG_ENABLE_OBJC_ARC = YES;
				CLANG_WARN_BOOL_CONVERSION = YES;
				CLANG_WARN_CONSTANT_CONVERSION = YES;
				CLANG_WARN_DIRECT_OBJC_ISA_USAGE = YES_ERROR;
				CLANG_WARN_DOCUMENTATION_COMMENTS = YES;
				CLANG_WARN_EMPTY_BODY = YES;
				CLANG_WARN_ENUM_CONVERSION = YES;
				CLANG_WARN_INFINITE_RECURSION = YES;
				CLANG_WARN_INT_CONVERSION = YES;
				CLANG_WARN_OBJC_ROOT_CLASS = YES_ERROR;
				CLANG_WARN_SUSPICIOUS_MOVE = YES;
				CLANG_WARN_UNREACHABLE_CODE = YES;
				CLANG_WARN__DUPLICATE_METHOD_MATCH = YES;
				"CODE_SIGN_IDENTITY[sdk=iphoneos*]" = "iPhone Developer";
				COPY_PHASE_STRIP = NO;
				DEBUG_INFORMATION_FORMAT = "dwarf-with-dsym";
				ENABLE_NS_ASSERTIONS = NO;
				ENABLE_STRICT_OBJC_MSGSEND = YES;
				GCC_C_LANGUAGE_STANDARD = gnu99;
				GCC_NO_COMMON_BLOCKS = YES;
				GCC_WARN_64_TO_32_BIT_CONVERSION = YES;
				GCC_WARN_ABOUT_RETURN_TYPE = YES_ERROR;
				GCC_WARN_UNDECLARED_SELECTOR = YES;
				GCC_WARN_UNINITIALIZED_AUTOS = YES_AGGRESSIVE;
				GCC_WARN_UNUSED_FUNCTION = YES;
				GCC_WARN_UNUSED_VARIABLE = YES;
				IPHONEOS_DEPLOYMENT_TARGET = 10.3;
				MTL_ENABLE_DEBUG_INFO = NO;
				SDKROOT = iphoneos;
				SWIFT_OPTIMIZATION_LEVEL = "-Owholemodule";
				VALIDATE_PRODUCT = YES;
			};
			name = Release;
		};
		231EC5161F2DC7BB0072F29A /* Debug */ = {
			isa = XCBuildConfiguration;
			buildSettings = {
				ASSETCATALOG_COMPILER_APPICON_NAME = AppIcon;
				DEVELOPMENT_TEAM = JT2GERLFU6;
				INFOPLIST_FILE = "API-Recap/Info.plist";
				LD_RUNPATH_SEARCH_PATHS = "$(inherited) @executable_path/Frameworks";
				PRODUCT_BUNDLE_IDENTIFIER = "chuck.API-Recap";
				PRODUCT_NAME = "$(TARGET_NAME)";
				SWIFT_VERSION = 3.0;
			};
			name = Debug;
		};
		231EC5171F2DC7BB0072F29A /* Release */ = {
			isa = XCBuildConfiguration;
			buildSettings = {
				ASSETCATALOG_COMPILER_APPICON_NAME = AppIcon;
				DEVELOPMENT_TEAM = JT2GERLFU6;
				INFOPLIST_FILE = "API-Recap/Info.plist";
				LD_RUNPATH_SEARCH_PATHS = "$(inherited) @executable_path/Frameworks";
				PRODUCT_BUNDLE_IDENTIFIER = "chuck.API-Recap";
				PRODUCT_NAME = "$(TARGET_NAME)";
				SWIFT_VERSION = 3.0;
			};
			name = Release;
		};
/* End XCBuildConfiguration section */

/* Begin XCConfigurationList section */
		231EC4FB1F2DC7BB0072F29A /* Build configuration list for PBXProject "API-Recap" */ = {
			isa = XCConfigurationList;
			buildConfigurations = (
				231EC5131F2DC7BB0072F29A /* Debug */,
				231EC5141F2DC7BB0072F29A /* Release */,
			);
			defaultConfigurationIsVisible = 0;
			defaultConfigurationName = Release;
		};
		231EC5151F2DC7BB0072F29A /* Build configuration list for PBXNativeTarget "API-Recap" */ = {
			isa = XCConfigurationList;
			buildConfigurations = (
				231EC5161F2DC7BB0072F29A /* Debug */,
				231EC5171F2DC7BB0072F29A /* Release */,
			);
			defaultConfigurationIsVisible = 0;
		};
/* End XCConfigurationList section */

/* Begin XCVersionGroup section */
		231EC50A1F2DC7BB0072F29A /* API_Recap.xcdatamodeld */ = {
			isa = XCVersionGroup;
			children = (
				231EC50B1F2DC7BB0072F29A /* API_Recap.xcdatamodel */,
			);
			currentVersion = 231EC50B1F2DC7BB0072F29A /* API_Recap.xcdatamodel */;
			path = API_Recap.xcdatamodeld;
			sourceTree = "<group>";
			versionGroupType = wrapper.xcdatamodel;
		};
/* End XCVersionGroup section */
	};
	rootObject = 231EC4F81F2DC7BB0072F29A /* Project object */;
}
